// !$*UTF8*$!
{
	archiveVersion = 1;
	classes = {
	};
	objectVersion = 46;
	objects = {

/* Begin PBXBuildFile section */
		9412351B9D18ACD14580ABC3 /* libPods.a in Frameworks */ = {isa = PBXBuildFile; fileRef = ED007E51A3A55AB689EA84F6 /* libPods.a */; };
		A11C7C151BA499F4008E6E91 /* CLPreviewController.m in Sources */ = {isa = PBXBuildFile; fileRef = A11C7C131BA499F4008E6E91 /* CLPreviewController.m */; };
		A11C7C161BA499F4008E6E91 /* Preview.xib in Resources */ = {isa = PBXBuildFile; fileRef = A11C7C141BA499F4008E6E91 /* Preview.xib */; };
		A11C7C1E1BAB8381008E6E91 /* CLFileActionView.m in Sources */ = {isa = PBXBuildFile; fileRef = A11C7C1D1BAB8381008E6E91 /* CLFileActionView.m */; };
		A12BE5C91BB88E68003115D8 /* CLActionConfirmView.m in Sources */ = {isa = PBXBuildFile; fileRef = A12BE5C81BB88E68003115D8 /* CLActionConfirmView.m */; };
		A12BE5CF1BB8EC02003115D8 /* CLSimpleButton.m in Sources */ = {isa = PBXBuildFile; fileRef = A12BE5CE1BB8EC02003115D8 /* CLSimpleButton.m */; };
		A12BE5D21BBA27EC003115D8 /* CLSegmentedControl.m in Sources */ = {isa = PBXBuildFile; fileRef = A12BE5D01BBA27EC003115D8 /* CLSegmentedControl.m */; };
		A12BE5D51BBC3EFC003115D8 /* CLSimpleCheckbox.m in Sources */ = {isa = PBXBuildFile; fileRef = A12BE5D41BBC3EFC003115D8 /* CLSimpleCheckbox.m */; };
		A12BE5D81BBCA4ED003115D8 /* CLStatusBarView.m in Sources */ = {isa = PBXBuildFile; fileRef = A12BE5D71BBCA4ED003115D8 /* CLStatusBarView.m */; };
		A1308DA01B4668B700897F28 /* CLTableRowView.m in Sources */ = {isa = PBXBuildFile; fileRef = A1308D9F1B4668B700897F28 /* CLTableRowView.m */; };
		A1308DA21B47055E00897F28 /* check.png in Resources */ = {isa = PBXBuildFile; fileRef = A1308DA11B47055E00897F28 /* check.png */; };
		A1308DA51B470BA900897F28 /* CLResizeView.m in Sources */ = {isa = PBXBuildFile; fileRef = A1308DA41B470BA900897F28 /* CLResizeView.m */; };
		A14596861BC1F43D00ABF87F /* CLPanel.m in Sources */ = {isa = PBXBuildFile; fileRef = A14596851BC1F43D00ABF87F /* CLPanel.m */; };
		A15161A31B49CE6900E103B1 /* cltime.cpp in Sources */ = {isa = PBXBuildFile; fileRef = A15161A11B49CE6900E103B1 /* cltime.cpp */; };
		A15161A51B49CF7300E103B1 /* libboost_serialization.dylib in Frameworks */ = {isa = PBXBuildFile; fileRef = A15161A41B49CF7300E103B1 /* libboost_serialization.dylib */; };
		A15161A81B4A3EC300E103B1 /* CLSegmentedCell.m in Sources */ = {isa = PBXBuildFile; fileRef = A15161A71B4A3EC300E103B1 /* CLSegmentedCell.m */; };
		A188E5F81BDD8ADC0014AEB1 /* FinderSync.m in Sources */ = {isa = PBXBuildFile; fileRef = A188E5F71BDD8ADC0014AEB1 /* FinderSync.m */; };
		A188E5FB1BDD8ADC0014AEB1 /* FinderExtension.appex in Embed App Extensions */ = {isa = PBXBuildFile; fileRef = A188E5F11BDD8ADC0014AEB1 /* FinderExtension.appex */; settings = {ATTRIBUTES = (RemoveHeadersOnCopy, ); }; };
		A194CBF41BE3EC6100B61784 /* CLUtilities.m in Sources */ = {isa = PBXBuildFile; fileRef = A194CBF31BE3EC6100B61784 /* CLUtilities.m */; };
		A194CBF91BEA8CB900B61784 /* green_circle_badge.png in Resources */ = {isa = PBXBuildFile; fileRef = A194CBF61BEA8CB900B61784 /* green_circle_badge.png */; };
		A194CBFA1BEA8CB900B61784 /* red_square_badge.png in Resources */ = {isa = PBXBuildFile; fileRef = A194CBF71BEA8CB900B61784 /* red_square_badge.png */; };
		A194CBFB1BEA8CB900B61784 /* yellow_triangle_badge.png in Resources */ = {isa = PBXBuildFile; fileRef = A194CBF81BEA8CB900B61784 /* yellow_triangle_badge.png */; };
		A1A7AA531BCC5178008DE19B /* libboost_serialization.dylib in CopyFiles */ = {isa = PBXBuildFile; fileRef = A15161A41B49CF7300E103B1 /* libboost_serialization.dylib */; settings = {ATTRIBUTES = (CodeSignOnCopy, ); }; };
		A1A7AA561BCEEB4B008DE19B /* images in Resources */ = {isa = PBXBuildFile; fileRef = A1A7AA551BCEEB4B008DE19B /* images */; };
		A1A7AA591BDA8173008DE19B /* dsa_pub.pem in Resources */ = {isa = PBXBuildFile; fileRef = A1A7AA581BDA8173008DE19B /* dsa_pub.pem */; };
		A1C770771B40C42C002077A3 /* Cocoa.framework in Frameworks */ = {isa = PBXBuildFile; fileRef = A1C770761B40C42C002077A3 /* Cocoa.framework */; };
		A1C770811B40C42C002077A3 /* InfoPlist.strings in Resources */ = {isa = PBXBuildFile; fileRef = A1C7707F1B40C42C002077A3 /* InfoPlist.strings */; };
		A1C770831B40C42C002077A3 /* main.m in Sources */ = {isa = PBXBuildFile; fileRef = A1C770821B40C42C002077A3 /* main.m */; };
		A1C770871B40C42C002077A3 /* Credits.rtf in Resources */ = {isa = PBXBuildFile; fileRef = A1C770851B40C42C002077A3 /* Credits.rtf */; };
		A1C7708A1B40C42C002077A3 /* AppDelegate.m in Sources */ = {isa = PBXBuildFile; fileRef = A1C770891B40C42C002077A3 /* AppDelegate.m */; };
		A1C7708F1B40C42C002077A3 /* Images.xcassets in Resources */ = {isa = PBXBuildFile; fileRef = A1C7708E1B40C42C002077A3 /* Images.xcassets */; };
		A1C770961B40C42C002077A3 /* XCTest.framework in Frameworks */ = {isa = PBXBuildFile; fileRef = A1C770951B40C42C002077A3 /* XCTest.framework */; };
		A1C770971B40C42C002077A3 /* Cocoa.framework in Frameworks */ = {isa = PBXBuildFile; fileRef = A1C770761B40C42C002077A3 /* Cocoa.framework */; };
		A1C7709F1B40C42C002077A3 /* InfoPlist.strings in Resources */ = {isa = PBXBuildFile; fileRef = A1C7709D1B40C42C002077A3 /* InfoPlist.strings */; };
		A1C770A11B40C42C002077A3 /* ClutterTests.m in Sources */ = {isa = PBXBuildFile; fileRef = A1C770A01B40C42C002077A3 /* ClutterTests.m */; };
		A1C770AB1B40C448002077A3 /* CoreServices.framework in Frameworks */ = {isa = PBXBuildFile; fileRef = A1C770AA1B40C448002077A3 /* CoreServices.framework */; };
		A1C770AD1B40C469002077A3 /* CoreFoundation.framework in Frameworks */ = {isa = PBXBuildFile; fileRef = A1C770AC1B40C469002077A3 /* CoreFoundation.framework */; };
		A1C770B91B424874002077A3 /* CoreWrapper.mm in Sources */ = {isa = PBXBuildFile; fileRef = A1C770B81B424874002077A3 /* CoreWrapper.mm */; };
		A1C770C11B438752002077A3 /* core.cpp in Sources */ = {isa = PBXBuildFile; fileRef = A1C770BF1B438752002077A3 /* core.cpp */; };
		A1D048341B99455C001AFDBB /* CLMainController.m in Sources */ = {isa = PBXBuildFile; fileRef = A1D048321B99455C001AFDBB /* CLMainController.m */; };
/* End PBXBuildFile section */

/* Begin PBXContainerItemProxy section */
		A188E5F91BDD8ADC0014AEB1 /* PBXContainerItemProxy */ = {
			isa = PBXContainerItemProxy;
			containerPortal = A1C7706B1B40C42C002077A3 /* Project object */;
			proxyType = 1;
			remoteGlobalIDString = A188E5F01BDD8ADC0014AEB1;
			remoteInfo = FinderExtension;
		};
		A1C770981B40C42C002077A3 /* PBXContainerItemProxy */ = {
			isa = PBXContainerItemProxy;
			containerPortal = A1C7706B1B40C42C002077A3 /* Project object */;
			proxyType = 1;
			remoteGlobalIDString = A1C770721B40C42C002077A3;
			remoteInfo = Clutter;
		};
/* End PBXContainerItemProxy section */

/* Begin PBXCopyFilesBuildPhase section */
		A14D12F71BDD87D10046A910 /* Embed App Extensions */ = {
			isa = PBXCopyFilesBuildPhase;
			buildActionMask = 2147483647;
			dstPath = "";
			dstSubfolderSpec = 13;
			files = (
				A188E5FB1BDD8ADC0014AEB1 /* FinderExtension.appex in Embed App Extensions */,
			);
			name = "Embed App Extensions";
			runOnlyForDeploymentPostprocessing = 0;
		};
		A1A7AA521BCC4F1D008DE19B /* CopyFiles */ = {
			isa = PBXCopyFilesBuildPhase;
			buildActionMask = 2147483647;
			dstPath = "";
			dstSubfolderSpec = 6;
			files = (
				A1A7AA531BCC5178008DE19B /* libboost_serialization.dylib in CopyFiles */,
			);
			runOnlyForDeploymentPostprocessing = 0;
		};
/* End PBXCopyFilesBuildPhase section */

/* Begin PBXFileReference section */
		A11C7C121BA499F4008E6E91 /* CLPreviewController.h */ = {isa = PBXFileReference; fileEncoding = 4; lastKnownFileType = sourcecode.c.h; path = CLPreviewController.h; sourceTree = "<group>"; };
		A11C7C131BA499F4008E6E91 /* CLPreviewController.m */ = {isa = PBXFileReference; fileEncoding = 4; lastKnownFileType = sourcecode.c.objc; path = CLPreviewController.m; sourceTree = "<group>"; };
		A11C7C141BA499F4008E6E91 /* Preview.xib */ = {isa = PBXFileReference; fileEncoding = 4; lastKnownFileType = file.xib; path = Preview.xib; sourceTree = "<group>"; };
		A11C7C1C1BAB8381008E6E91 /* CLFileActionView.h */ = {isa = PBXFileReference; fileEncoding = 4; lastKnownFileType = sourcecode.c.h; path = CLFileActionView.h; sourceTree = "<group>"; };
		A11C7C1D1BAB8381008E6E91 /* CLFileActionView.m */ = {isa = PBXFileReference; fileEncoding = 4; lastKnownFileType = sourcecode.c.objc; path = CLFileActionView.m; sourceTree = "<group>"; };
		A12BE5C71BB88E68003115D8 /* CLActionConfirmView.h */ = {isa = PBXFileReference; fileEncoding = 4; lastKnownFileType = sourcecode.c.h; path = CLActionConfirmView.h; sourceTree = "<group>"; };
		A12BE5C81BB88E68003115D8 /* CLActionConfirmView.m */ = {isa = PBXFileReference; fileEncoding = 4; lastKnownFileType = sourcecode.c.objc; path = CLActionConfirmView.m; sourceTree = "<group>"; };
		A12BE5CD1BB8EC02003115D8 /* CLSimpleButton.h */ = {isa = PBXFileReference; fileEncoding = 4; lastKnownFileType = sourcecode.c.h; path = CLSimpleButton.h; sourceTree = "<group>"; };
		A12BE5CE1BB8EC02003115D8 /* CLSimpleButton.m */ = {isa = PBXFileReference; fileEncoding = 4; lastKnownFileType = sourcecode.c.objc; path = CLSimpleButton.m; sourceTree = "<group>"; };
		A12BE5D01BBA27EC003115D8 /* CLSegmentedControl.m */ = {isa = PBXFileReference; fileEncoding = 4; lastKnownFileType = sourcecode.c.objc; path = CLSegmentedControl.m; sourceTree = "<group>"; };
		A12BE5D11BBA27EC003115D8 /* CLSegmentedControl.h */ = {isa = PBXFileReference; fileEncoding = 4; lastKnownFileType = sourcecode.c.h; path = CLSegmentedControl.h; sourceTree = "<group>"; };
		A12BE5D31BBC3EFC003115D8 /* CLSimpleCheckbox.h */ = {isa = PBXFileReference; fileEncoding = 4; lastKnownFileType = sourcecode.c.h; path = CLSimpleCheckbox.h; sourceTree = "<group>"; };
		A12BE5D41BBC3EFC003115D8 /* CLSimpleCheckbox.m */ = {isa = PBXFileReference; fileEncoding = 4; lastKnownFileType = sourcecode.c.objc; path = CLSimpleCheckbox.m; sourceTree = "<group>"; };
		A12BE5D61BBCA4ED003115D8 /* CLStatusBarView.h */ = {isa = PBXFileReference; fileEncoding = 4; lastKnownFileType = sourcecode.c.h; path = CLStatusBarView.h; sourceTree = "<group>"; };
		A12BE5D71BBCA4ED003115D8 /* CLStatusBarView.m */ = {isa = PBXFileReference; fileEncoding = 4; lastKnownFileType = sourcecode.c.objc; path = CLStatusBarView.m; sourceTree = "<group>"; };
		A1308D9E1B4668B700897F28 /* CLTableRowView.h */ = {isa = PBXFileReference; fileEncoding = 4; lastKnownFileType = sourcecode.c.h; path = CLTableRowView.h; sourceTree = "<group>"; };
		A1308D9F1B4668B700897F28 /* CLTableRowView.m */ = {isa = PBXFileReference; fileEncoding = 4; lastKnownFileType = sourcecode.c.objc; path = CLTableRowView.m; sourceTree = "<group>"; };
		A1308DA11B47055E00897F28 /* check.png */ = {isa = PBXFileReference; lastKnownFileType = image.png; name = check.png; path = Images.xcassets/check.png; sourceTree = "<group>"; };
		A1308DA31B470BA900897F28 /* CLResizeView.h */ = {isa = PBXFileReference; fileEncoding = 4; lastKnownFileType = sourcecode.c.h; path = CLResizeView.h; sourceTree = "<group>"; };
		A1308DA41B470BA900897F28 /* CLResizeView.m */ = {isa = PBXFileReference; fileEncoding = 4; lastKnownFileType = sourcecode.c.objc; path = CLResizeView.m; sourceTree = "<group>"; };
		A1308DA61B47189F00897F28 /* constants.h */ = {isa = PBXFileReference; lastKnownFileType = sourcecode.c.h; path = constants.h; sourceTree = "<group>"; };
		A14596841BC1F43D00ABF87F /* CLPanel.h */ = {isa = PBXFileReference; fileEncoding = 4; lastKnownFileType = sourcecode.c.h; path = CLPanel.h; sourceTree = "<group>"; };
		A14596851BC1F43D00ABF87F /* CLPanel.m */ = {isa = PBXFileReference; fileEncoding = 4; lastKnownFileType = sourcecode.c.objc; path = CLPanel.m; sourceTree = "<group>"; };
		A15161A11B49CE6900E103B1 /* cltime.cpp */ = {isa = PBXFileReference; fileEncoding = 4; lastKnownFileType = sourcecode.cpp.cpp; path = cltime.cpp; sourceTree = SOURCE_ROOT; };
		A15161A21B49CE6900E103B1 /* cltime.h */ = {isa = PBXFileReference; fileEncoding = 4; lastKnownFileType = sourcecode.c.h; path = cltime.h; sourceTree = SOURCE_ROOT; };
		A15161A41B49CF7300E103B1 /* libboost_serialization.dylib */ = {isa = PBXFileReference; lastKnownFileType = "compiled.mach-o.dylib"; name = libboost_serialization.dylib; path = ../../../../usr/local/Cellar/boost/1.57.0/lib/libboost_serialization.dylib; sourceTree = "<group>"; };
		A15161A61B4A3EC300E103B1 /* CLSegmentedCell.h */ = {isa = PBXFileReference; fileEncoding = 4; lastKnownFileType = sourcecode.c.h; path = CLSegmentedCell.h; sourceTree = "<group>"; };
		A15161A71B4A3EC300E103B1 /* CLSegmentedCell.m */ = {isa = PBXFileReference; fileEncoding = 4; lastKnownFileType = sourcecode.c.objc; path = CLSegmentedCell.m; sourceTree = "<group>"; };
		A188E5F11BDD8ADC0014AEB1 /* FinderExtension.appex */ = {isa = PBXFileReference; explicitFileType = "wrapper.app-extension"; includeInIndex = 0; path = FinderExtension.appex; sourceTree = BUILT_PRODUCTS_DIR; };
		A188E5F41BDD8ADC0014AEB1 /* Info.plist */ = {isa = PBXFileReference; lastKnownFileType = text.plist.xml; path = Info.plist; sourceTree = "<group>"; };
		A188E5F51BDD8ADC0014AEB1 /* FinderExtension.entitlements */ = {isa = PBXFileReference; lastKnownFileType = text.xml; path = FinderExtension.entitlements; sourceTree = "<group>"; };
		A188E5F61BDD8ADC0014AEB1 /* FinderSync.h */ = {isa = PBXFileReference; lastKnownFileType = sourcecode.c.h; path = FinderSync.h; sourceTree = "<group>"; };
		A188E5F71BDD8ADC0014AEB1 /* FinderSync.m */ = {isa = PBXFileReference; lastKnownFileType = sourcecode.c.objc; path = FinderSync.m; sourceTree = "<group>"; };
		A18A37CE1BC3629A00E2BD8F /* event.h */ = {isa = PBXFileReference; lastKnownFileType = sourcecode.c.h; path = event.h; sourceTree = SOURCE_ROOT; };
		A194CBF31BE3EC6100B61784 /* CLUtilities.m */ = {isa = PBXFileReference; fileEncoding = 4; lastKnownFileType = sourcecode.c.objc; path = CLUtilities.m; sourceTree = "<group>"; };
		A194CBF51BE3ECC500B61784 /* CLUtilities.h */ = {isa = PBXFileReference; lastKnownFileType = sourcecode.c.h; path = CLUtilities.h; sourceTree = "<group>"; };
		A194CBF61BEA8CB900B61784 /* green_circle_badge.png */ = {isa = PBXFileReference; lastKnownFileType = image.png; path = green_circle_badge.png; sourceTree = "<group>"; };
		A194CBF71BEA8CB900B61784 /* red_square_badge.png */ = {isa = PBXFileReference; lastKnownFileType = image.png; path = red_square_badge.png; sourceTree = "<group>"; };
		A194CBF81BEA8CB900B61784 /* yellow_triangle_badge.png */ = {isa = PBXFileReference; lastKnownFileType = image.png; path = yellow_triangle_badge.png; sourceTree = "<group>"; };
		A1A7AA551BCEEB4B008DE19B /* images */ = {isa = PBXFileReference; lastKnownFileType = folder; path = images; sourceTree = SOURCE_ROOT; };
		A1A7AA581BDA8173008DE19B /* dsa_pub.pem */ = {isa = PBXFileReference; fileEncoding = 4; lastKnownFileType = text; path = dsa_pub.pem; sourceTree = SOURCE_ROOT; };
		A1C770731B40C42C002077A3 /* Clutter.app */ = {isa = PBXFileReference; explicitFileType = wrapper.application; includeInIndex = 0; path = Clutter.app; sourceTree = BUILT_PRODUCTS_DIR; };
		A1C770761B40C42C002077A3 /* Cocoa.framework */ = {isa = PBXFileReference; lastKnownFileType = wrapper.framework; name = Cocoa.framework; path = System/Library/Frameworks/Cocoa.framework; sourceTree = SDKROOT; };
		A1C770791B40C42C002077A3 /* AppKit.framework */ = {isa = PBXFileReference; lastKnownFileType = wrapper.framework; name = AppKit.framework; path = System/Library/Frameworks/AppKit.framework; sourceTree = SDKROOT; };
		A1C7707A1B40C42C002077A3 /* CoreData.framework */ = {isa = PBXFileReference; lastKnownFileType = wrapper.framework; name = CoreData.framework; path = System/Library/Frameworks/CoreData.framework; sourceTree = SDKROOT; };
		A1C7707B1B40C42C002077A3 /* Foundation.framework */ = {isa = PBXFileReference; lastKnownFileType = wrapper.framework; name = Foundation.framework; path = System/Library/Frameworks/Foundation.framework; sourceTree = SDKROOT; };
		A1C7707E1B40C42C002077A3 /* Clutter-Info.plist */ = {isa = PBXFileReference; lastKnownFileType = text.plist.xml; path = "Clutter-Info.plist"; sourceTree = "<group>"; };
		A1C770801B40C42C002077A3 /* en */ = {isa = PBXFileReference; lastKnownFileType = text.plist.strings; name = en; path = en.lproj/InfoPlist.strings; sourceTree = "<group>"; };
		A1C770821B40C42C002077A3 /* main.m */ = {isa = PBXFileReference; lastKnownFileType = sourcecode.c.objc; path = main.m; sourceTree = "<group>"; };
		A1C770841B40C42C002077A3 /* Clutter-Prefix.pch */ = {isa = PBXFileReference; lastKnownFileType = sourcecode.c.h; path = "Clutter-Prefix.pch"; sourceTree = "<group>"; };
		A1C770861B40C42C002077A3 /* en */ = {isa = PBXFileReference; lastKnownFileType = text.rtf; name = en; path = en.lproj/Credits.rtf; sourceTree = "<group>"; };
		A1C770881B40C42C002077A3 /* AppDelegate.h */ = {isa = PBXFileReference; lastKnownFileType = sourcecode.c.h; path = AppDelegate.h; sourceTree = "<group>"; };
		A1C770891B40C42C002077A3 /* AppDelegate.m */ = {isa = PBXFileReference; lastKnownFileType = sourcecode.c.objc; path = AppDelegate.m; sourceTree = "<group>"; };
		A1C7708E1B40C42C002077A3 /* Images.xcassets */ = {isa = PBXFileReference; lastKnownFileType = folder.assetcatalog; path = Images.xcassets; sourceTree = "<group>"; };
		A1C770941B40C42C002077A3 /* ClutterTests.xctest */ = {isa = PBXFileReference; explicitFileType = wrapper.cfbundle; includeInIndex = 0; path = ClutterTests.xctest; sourceTree = BUILT_PRODUCTS_DIR; };
		A1C770951B40C42C002077A3 /* XCTest.framework */ = {isa = PBXFileReference; lastKnownFileType = wrapper.framework; name = XCTest.framework; path = Library/Frameworks/XCTest.framework; sourceTree = DEVELOPER_DIR; };
		A1C7709C1B40C42C002077A3 /* ClutterTests-Info.plist */ = {isa = PBXFileReference; lastKnownFileType = text.plist.xml; path = "ClutterTests-Info.plist"; sourceTree = "<group>"; };
		A1C7709E1B40C42C002077A3 /* en */ = {isa = PBXFileReference; lastKnownFileType = text.plist.strings; name = en; path = en.lproj/InfoPlist.strings; sourceTree = "<group>"; };
		A1C770A01B40C42C002077A3 /* ClutterTests.m */ = {isa = PBXFileReference; lastKnownFileType = sourcecode.c.objc; path = ClutterTests.m; sourceTree = "<group>"; };
		A1C770AA1B40C448002077A3 /* CoreServices.framework */ = {isa = PBXFileReference; lastKnownFileType = wrapper.framework; name = CoreServices.framework; path = System/Library/Frameworks/CoreServices.framework; sourceTree = SDKROOT; };
		A1C770AC1B40C469002077A3 /* CoreFoundation.framework */ = {isa = PBXFileReference; lastKnownFileType = wrapper.framework; name = CoreFoundation.framework; path = System/Library/Frameworks/CoreFoundation.framework; sourceTree = SDKROOT; };
		A1C770B71B424874002077A3 /* CoreWrapper.h */ = {isa = PBXFileReference; fileEncoding = 4; lastKnownFileType = sourcecode.c.h; path = CoreWrapper.h; sourceTree = "<group>"; };
		A1C770B81B424874002077A3 /* CoreWrapper.mm */ = {isa = PBXFileReference; fileEncoding = 4; lastKnownFileType = sourcecode.cpp.objcpp; path = CoreWrapper.mm; sourceTree = "<group>"; };
		A1C770BF1B438752002077A3 /* core.cpp */ = {isa = PBXFileReference; fileEncoding = 4; indentWidth = 2; lastKnownFileType = sourcecode.cpp.cpp; path = core.cpp; sourceTree = SOURCE_ROOT; tabWidth = 2; };
		A1C770C01B438752002077A3 /* core.h */ = {isa = PBXFileReference; fileEncoding = 4; indentWidth = 2; lastKnownFileType = sourcecode.c.h; path = core.h; sourceTree = SOURCE_ROOT; tabWidth = 2; };
		A1D048311B99455C001AFDBB /* CLMainController.h */ = {isa = PBXFileReference; fileEncoding = 4; lastKnownFileType = sourcecode.c.h; path = CLMainController.h; sourceTree = "<group>"; };
		A1D048321B99455C001AFDBB /* CLMainController.m */ = {isa = PBXFileReference; fileEncoding = 4; lastKnownFileType = sourcecode.c.objc; path = CLMainController.m; sourceTree = "<group>"; };
		A1D048361BA12402001AFDBB /* Clutter.entitlements */ = {isa = PBXFileReference; lastKnownFileType = text.xml; path = Clutter.entitlements; sourceTree = "<group>"; };
		BF7B80FEDAE3319C8E3DF784 /* Pods.debug.xcconfig */ = {isa = PBXFileReference; includeInIndex = 1; lastKnownFileType = text.xcconfig; name = Pods.debug.xcconfig; path = "Pods/Target Support Files/Pods/Pods.debug.xcconfig"; sourceTree = "<group>"; };
		D66F98D2DD456857401A2C18 /* Pods.release.xcconfig */ = {isa = PBXFileReference; includeInIndex = 1; lastKnownFileType = text.xcconfig; name = Pods.release.xcconfig; path = "Pods/Target Support Files/Pods/Pods.release.xcconfig"; sourceTree = "<group>"; };
		ED007E51A3A55AB689EA84F6 /* libPods.a */ = {isa = PBXFileReference; explicitFileType = archive.ar; includeInIndex = 0; path = libPods.a; sourceTree = BUILT_PRODUCTS_DIR; };
/* End PBXFileReference section */

/* Begin PBXFrameworksBuildPhase section */
		A188E5EE1BDD8ADC0014AEB1 /* Frameworks */ = {
			isa = PBXFrameworksBuildPhase;
			buildActionMask = 2147483647;
			files = (
			);
			runOnlyForDeploymentPostprocessing = 0;
		};
		A1C770701B40C42C002077A3 /* Frameworks */ = {
			isa = PBXFrameworksBuildPhase;
			buildActionMask = 2147483647;
			files = (
				A15161A51B49CF7300E103B1 /* libboost_serialization.dylib in Frameworks */,
				A1C770AD1B40C469002077A3 /* CoreFoundation.framework in Frameworks */,
				A1C770AB1B40C448002077A3 /* CoreServices.framework in Frameworks */,
				A1C770771B40C42C002077A3 /* Cocoa.framework in Frameworks */,
				9412351B9D18ACD14580ABC3 /* libPods.a in Frameworks */,
			);
			runOnlyForDeploymentPostprocessing = 0;
		};
		A1C770911B40C42C002077A3 /* Frameworks */ = {
			isa = PBXFrameworksBuildPhase;
			buildActionMask = 2147483647;
			files = (
				A1C770971B40C42C002077A3 /* Cocoa.framework in Frameworks */,
				A1C770961B40C42C002077A3 /* XCTest.framework in Frameworks */,
			);
			runOnlyForDeploymentPostprocessing = 0;
		};
/* End PBXFrameworksBuildPhase section */

/* Begin PBXGroup section */
		5A26BB9AF820A5AF001BEF2F /* Pods */ = {
			isa = PBXGroup;
			children = (
				BF7B80FEDAE3319C8E3DF784 /* Pods.debug.xcconfig */,
				D66F98D2DD456857401A2C18 /* Pods.release.xcconfig */,
			);
			name = Pods;
			sourceTree = "<group>";
		};
		A188E5F21BDD8ADC0014AEB1 /* FinderExtension */ = {
			isa = PBXGroup;
			children = (
				A188E5F61BDD8ADC0014AEB1 /* FinderSync.h */,
				A188E5F71BDD8ADC0014AEB1 /* FinderSync.m */,
				A188E5F31BDD8ADC0014AEB1 /* Supporting Files */,
			);
			path = FinderExtension;
			sourceTree = "<group>";
		};
		A188E5F31BDD8ADC0014AEB1 /* Supporting Files */ = {
			isa = PBXGroup;
			children = (
				A194CBF61BEA8CB900B61784 /* green_circle_badge.png */,
				A194CBF71BEA8CB900B61784 /* red_square_badge.png */,
				A194CBF81BEA8CB900B61784 /* yellow_triangle_badge.png */,
				A188E5F41BDD8ADC0014AEB1 /* Info.plist */,
				A188E5F51BDD8ADC0014AEB1 /* FinderExtension.entitlements */,
			);
			name = "Supporting Files";
			sourceTree = "<group>";
		};
		A1C7706A1B40C42C002077A3 = {
			isa = PBXGroup;
			children = (
				A1C7707C1B40C42C002077A3 /* Clutter */,
				A1C7709A1B40C42C002077A3 /* ClutterTests */,
				A188E5F21BDD8ADC0014AEB1 /* FinderExtension */,
				A1C770751B40C42C002077A3 /* Frameworks */,
				A1C770741B40C42C002077A3 /* Products */,
				5A26BB9AF820A5AF001BEF2F /* Pods */,
			);
			sourceTree = "<group>";
		};
		A1C770741B40C42C002077A3 /* Products */ = {
			isa = PBXGroup;
			children = (
				A1C770731B40C42C002077A3 /* Clutter.app */,
				A1C770941B40C42C002077A3 /* ClutterTests.xctest */,
				A188E5F11BDD8ADC0014AEB1 /* FinderExtension.appex */,
			);
			name = Products;
			sourceTree = "<group>";
		};
		A1C770751B40C42C002077A3 /* Frameworks */ = {
			isa = PBXGroup;
			children = (
				A15161A41B49CF7300E103B1 /* libboost_serialization.dylib */,
				A1C770AC1B40C469002077A3 /* CoreFoundation.framework */,
				A1C770AA1B40C448002077A3 /* CoreServices.framework */,
				A1C770761B40C42C002077A3 /* Cocoa.framework */,
				A1C770951B40C42C002077A3 /* XCTest.framework */,
				A1C770781B40C42C002077A3 /* Other Frameworks */,
				ED007E51A3A55AB689EA84F6 /* libPods.a */,
			);
			name = Frameworks;
			sourceTree = "<group>";
		};
		A1C770781B40C42C002077A3 /* Other Frameworks */ = {
			isa = PBXGroup;
			children = (
				A1C770791B40C42C002077A3 /* AppKit.framework */,
				A1C7707A1B40C42C002077A3 /* CoreData.framework */,
				A1C7707B1B40C42C002077A3 /* Foundation.framework */,
			);
			name = "Other Frameworks";
			sourceTree = "<group>";
		};
		A1C7707C1B40C42C002077A3 /* Clutter */ = {
			isa = PBXGroup;
			children = (
				A1D048361BA12402001AFDBB /* Clutter.entitlements */,
				A15161A11B49CE6900E103B1 /* cltime.cpp */,
				A15161A21B49CE6900E103B1 /* cltime.h */,
				A1308DA61B47189F00897F28 /* constants.h */,
				A18A37CE1BC3629A00E2BD8F /* event.h */,
				A1C770C01B438752002077A3 /* core.h */,
				A1C770BF1B438752002077A3 /* core.cpp */,
				A1C770B71B424874002077A3 /* CoreWrapper.h */,
				A1C770B81B424874002077A3 /* CoreWrapper.mm */,
				A1C770881B40C42C002077A3 /* AppDelegate.h */,
				A1C770891B40C42C002077A3 /* AppDelegate.m */,
				A1A7AA551BCEEB4B008DE19B /* images */,
				A14596841BC1F43D00ABF87F /* CLPanel.h */,
				A14596851BC1F43D00ABF87F /* CLPanel.m */,
				A12BE5D61BBCA4ED003115D8 /* CLStatusBarView.h */,
				A12BE5D71BBCA4ED003115D8 /* CLStatusBarView.m */,
				A1308D9E1B4668B700897F28 /* CLTableRowView.h */,
				A1308D9F1B4668B700897F28 /* CLTableRowView.m */,
				A1308DA31B470BA900897F28 /* CLResizeView.h */,
				A1308DA41B470BA900897F28 /* CLResizeView.m */,
				A12BE5D11BBA27EC003115D8 /* CLSegmentedControl.h */,
				A12BE5D01BBA27EC003115D8 /* CLSegmentedControl.m */,
				A15161A61B4A3EC300E103B1 /* CLSegmentedCell.h */,
				A15161A71B4A3EC300E103B1 /* CLSegmentedCell.m */,
				A11C7C141BA499F4008E6E91 /* Preview.xib */,
				A1D048311B99455C001AFDBB /* CLMainController.h */,
				A1D048321B99455C001AFDBB /* CLMainController.m */,
				A11C7C1C1BAB8381008E6E91 /* CLFileActionView.h */,
				A11C7C1D1BAB8381008E6E91 /* CLFileActionView.m */,
				A12BE5C71BB88E68003115D8 /* CLActionConfirmView.h */,
				A12BE5C81BB88E68003115D8 /* CLActionConfirmView.m */,
				A12BE5D31BBC3EFC003115D8 /* CLSimpleCheckbox.h */,
				A12BE5D41BBC3EFC003115D8 /* CLSimpleCheckbox.m */,
				A12BE5CD1BB8EC02003115D8 /* CLSimpleButton.h */,
				A12BE5CE1BB8EC02003115D8 /* CLSimpleButton.m */,
				A11C7C121BA499F4008E6E91 /* CLPreviewController.h */,
				A11C7C131BA499F4008E6E91 /* CLPreviewController.m */,
				A1C7708E1B40C42C002077A3 /* Images.xcassets */,
				A1308DA11B47055E00897F28 /* check.png */,
				A1C7707D1B40C42C002077A3 /* Supporting Files */,
				A194CBF51BE3ECC500B61784 /* CLUtilities.h */,
				A194CBF31BE3EC6100B61784 /* CLUtilities.m */,
			);
			path = Clutter;
			sourceTree = "<group>";
		};
		A1C7707D1B40C42C002077A3 /* Supporting Files */ = {
			isa = PBXGroup;
			children = (
				A1A7AA581BDA8173008DE19B /* dsa_pub.pem */,
				A1C7707E1B40C42C002077A3 /* Clutter-Info.plist */,
				A1C7707F1B40C42C002077A3 /* InfoPlist.strings */,
				A1C770821B40C42C002077A3 /* main.m */,
				A1C770841B40C42C002077A3 /* Clutter-Prefix.pch */,
				A1C770851B40C42C002077A3 /* Credits.rtf */,
			);
			name = "Supporting Files";
			sourceTree = "<group>";
		};
		A1C7709A1B40C42C002077A3 /* ClutterTests */ = {
			isa = PBXGroup;
			children = (
				A1C770A01B40C42C002077A3 /* ClutterTests.m */,
				A1C7709B1B40C42C002077A3 /* Supporting Files */,
			);
			path = ClutterTests;
			sourceTree = "<group>";
		};
		A1C7709B1B40C42C002077A3 /* Supporting Files */ = {
			isa = PBXGroup;
			children = (
				A1C7709C1B40C42C002077A3 /* ClutterTests-Info.plist */,
				A1C7709D1B40C42C002077A3 /* InfoPlist.strings */,
			);
			name = "Supporting Files";
			sourceTree = "<group>";
		};
/* End PBXGroup section */

/* Begin PBXNativeTarget section */
		A188E5F01BDD8ADC0014AEB1 /* FinderExtension */ = {
			isa = PBXNativeTarget;
			buildConfigurationList = A188E5FC1BDD8ADC0014AEB1 /* Build configuration list for PBXNativeTarget "FinderExtension" */;
			buildPhases = (
				A188E5ED1BDD8ADC0014AEB1 /* Sources */,
				A188E5EE1BDD8ADC0014AEB1 /* Frameworks */,
				A188E5EF1BDD8ADC0014AEB1 /* Resources */,
			);
			buildRules = (
			);
			dependencies = (
			);
			name = FinderExtension;
			productName = FinderExtension;
			productReference = A188E5F11BDD8ADC0014AEB1 /* FinderExtension.appex */;
			productType = "com.apple.product-type.app-extension";
		};
		A1C770721B40C42C002077A3 /* Clutter */ = {
			isa = PBXNativeTarget;
			buildConfigurationList = A1C770A41B40C42C002077A3 /* Build configuration list for PBXNativeTarget "Clutter" */;
			buildPhases = (
				F411126F271E190F00B7112E /* Check Pods Manifest.lock */,
				A1C7706F1B40C42C002077A3 /* Sources */,
				A1C770701B40C42C002077A3 /* Frameworks */,
				A1C770711B40C42C002077A3 /* Resources */,
				A1A7AA521BCC4F1D008DE19B /* CopyFiles */,
				A1A7AA541BCC57A8008DE19B /* ShellScript */,
				CBB95559877524450F4B4BA1 /* Embed Pods Frameworks */,
				D93100BD0DF56BA3308A4CA9 /* Copy Pods Resources */,
				A1A7AA571BD8762B008DE19B /* ShellScript */,
				A1E4B6891BDD7DAA00F03DD0 /* ShellScript */,
				A14D12F71BDD87D10046A910 /* Embed App Extensions */,
			);
			buildRules = (
			);
			dependencies = (
				A188E5FA1BDD8ADC0014AEB1 /* PBXTargetDependency */,
			);
			name = Clutter;
			productName = Clutter;
			productReference = A1C770731B40C42C002077A3 /* Clutter.app */;
			productType = "com.apple.product-type.application";
		};
		A1C770931B40C42C002077A3 /* ClutterTests */ = {
			isa = PBXNativeTarget;
			buildConfigurationList = A1C770A71B40C42C002077A3 /* Build configuration list for PBXNativeTarget "ClutterTests" */;
			buildPhases = (
				A1C770901B40C42C002077A3 /* Sources */,
				A1C770911B40C42C002077A3 /* Frameworks */,
				A1C770921B40C42C002077A3 /* Resources */,
			);
			buildRules = (
			);
			dependencies = (
				A1C770991B40C42C002077A3 /* PBXTargetDependency */,
			);
			name = ClutterTests;
			productName = ClutterTests;
			productReference = A1C770941B40C42C002077A3 /* ClutterTests.xctest */;
			productType = "com.apple.product-type.bundle.unit-test";
		};
/* End PBXNativeTarget section */

/* Begin PBXProject section */
		A1C7706B1B40C42C002077A3 /* Project object */ = {
			isa = PBXProject;
			attributes = {
				LastUpgradeCheck = 0640;
				ORGANIZATIONNAME = "Bubble Tea Apps";
				TargetAttributes = {
					A188E5F01BDD8ADC0014AEB1 = {
						CreatedOnToolsVersion = 6.4;
						SystemCapabilities = {
							com.apple.ApplicationGroups.Mac = {
								enabled = 1;
							};
							com.apple.Sandbox = {
								enabled = 1;
							};
						};
					};
					A1C770721B40C42C002077A3 = {
						SystemCapabilities = {
							com.apple.ApplicationGroups.Mac = {
								enabled = 1;
							};
							com.apple.Sandbox = {
								enabled = 0;
							};
						};
					};
					A1C770931B40C42C002077A3 = {
						TestTargetID = A1C770721B40C42C002077A3;
					};
				};
			};
			buildConfigurationList = A1C7706E1B40C42C002077A3 /* Build configuration list for PBXProject "Clutter" */;
			compatibilityVersion = "Xcode 3.2";
			developmentRegion = English;
			hasScannedForEncodings = 0;
			knownRegions = (
				en,
				Base,
			);
			mainGroup = A1C7706A1B40C42C002077A3;
			productRefGroup = A1C770741B40C42C002077A3 /* Products */;
			projectDirPath = "";
			projectRoot = "";
			targets = (
				A1C770721B40C42C002077A3 /* Clutter */,
				A1C770931B40C42C002077A3 /* ClutterTests */,
				A188E5F01BDD8ADC0014AEB1 /* FinderExtension */,
			);
		};
/* End PBXProject section */

/* Begin PBXResourcesBuildPhase section */
		A188E5EF1BDD8ADC0014AEB1 /* Resources */ = {
			isa = PBXResourcesBuildPhase;
			buildActionMask = 2147483647;
			files = (
				A194CBFA1BEA8CB900B61784 /* red_square_badge.png in Resources */,
				A194CBFB1BEA8CB900B61784 /* yellow_triangle_badge.png in Resources */,
				A194CBF91BEA8CB900B61784 /* green_circle_badge.png in Resources */,
			);
			runOnlyForDeploymentPostprocessing = 0;
		};
		A1C770711B40C42C002077A3 /* Resources */ = {
			isa = PBXResourcesBuildPhase;
			buildActionMask = 2147483647;
			files = (
				A1A7AA591BDA8173008DE19B /* dsa_pub.pem in Resources */,
				A1A7AA561BCEEB4B008DE19B /* images in Resources */,
				A11C7C161BA499F4008E6E91 /* Preview.xib in Resources */,
				A1C770811B40C42C002077A3 /* InfoPlist.strings in Resources */,
				A1308DA21B47055E00897F28 /* check.png in Resources */,
				A1C7708F1B40C42C002077A3 /* Images.xcassets in Resources */,
				A1C770871B40C42C002077A3 /* Credits.rtf in Resources */,
			);
			runOnlyForDeploymentPostprocessing = 0;
		};
		A1C770921B40C42C002077A3 /* Resources */ = {
			isa = PBXResourcesBuildPhase;
			buildActionMask = 2147483647;
			files = (
				A1C7709F1B40C42C002077A3 /* InfoPlist.strings in Resources */,
			);
			runOnlyForDeploymentPostprocessing = 0;
		};
/* End PBXResourcesBuildPhase section */

/* Begin PBXShellScriptBuildPhase section */
		A1A7AA541BCC57A8008DE19B /* ShellScript */ = {
			isa = PBXShellScriptBuildPhase;
			buildActionMask = 2147483647;
			files = (
			);
			inputPaths = (
			);
			outputPaths = (
			);
			runOnlyForDeploymentPostprocessing = 0;
			shellPath = /bin/sh;
			shellScript = "install_name_tool -change /usr/local/lib/libboost_serialization.dylib @executable_path/libboost_serialization.dylib $BUILT_PRODUCTS_DIR/$EXECUTABLE_PATH";
			showEnvVarsInLog = 0;
		};
		A1A7AA571BD8762B008DE19B /* ShellScript */ = {
			isa = PBXShellScriptBuildPhase;
			buildActionMask = 2147483647;
			files = (
			);
			inputPaths = (
			);
			outputPaths = (
			);
			runOnlyForDeploymentPostprocessing = 0;
			shellPath = /bin/sh;
			shellScript = "LOCATION=\"${BUILT_PRODUCTS_DIR}/${FRAMEWORKS_FOLDER_PATH}\"\n\ncodesign --verbose --force --sign \"Andy Locascio\" \"$LOCATION/Sparkle.framework/Versions/A\"";
		};
		A1E4B6891BDD7DAA00F03DD0 /* ShellScript */ = {
			isa = PBXShellScriptBuildPhase;
			buildActionMask = 2147483647;
			files = (
			);
			inputPaths = (
			);
			outputPaths = (
			);
			runOnlyForDeploymentPostprocessing = 0;
			shellPath = /bin/sh;
			shellScript = "/usr/bin/codesign --verbose --force --sign \"Andy Locascio\" --entitlements \"${SRCROOT}/FinderExtension/FinderExtension.entitlements\" \"${TARGET_BUILD_DIR}/FinderExtension.appex\"";
		};
		CBB95559877524450F4B4BA1 /* Embed Pods Frameworks */ = {
			isa = PBXShellScriptBuildPhase;
			buildActionMask = 2147483647;
			files = (
			);
			inputPaths = (
			);
			name = "Embed Pods Frameworks";
			outputPaths = (
			);
			runOnlyForDeploymentPostprocessing = 0;
			shellPath = /bin/sh;
			shellScript = "\"${SRCROOT}/Pods/Target Support Files/Pods/Pods-frameworks.sh\"\n";
			showEnvVarsInLog = 0;
		};
		D93100BD0DF56BA3308A4CA9 /* Copy Pods Resources */ = {
			isa = PBXShellScriptBuildPhase;
			buildActionMask = 2147483647;
			files = (
			);
			inputPaths = (
			);
			name = "Copy Pods Resources";
			outputPaths = (
			);
			runOnlyForDeploymentPostprocessing = 0;
			shellPath = /bin/sh;
			shellScript = "\"${SRCROOT}/Pods/Target Support Files/Pods/Pods-resources.sh\"\n";
			showEnvVarsInLog = 0;
		};
		F411126F271E190F00B7112E /* Check Pods Manifest.lock */ = {
			isa = PBXShellScriptBuildPhase;
			buildActionMask = 2147483647;
			files = (
			);
			inputPaths = (
			);
			name = "Check Pods Manifest.lock";
			outputPaths = (
			);
			runOnlyForDeploymentPostprocessing = 0;
			shellPath = /bin/sh;
			shellScript = "diff \"${PODS_ROOT}/../Podfile.lock\" \"${PODS_ROOT}/Manifest.lock\" > /dev/null\nif [[ $? != 0 ]] ; then\n    cat << EOM\nerror: The sandbox is not in sync with the Podfile.lock. Run 'pod install' or update your CocoaPods installation.\nEOM\n    exit 1\nfi\n";
			showEnvVarsInLog = 0;
		};
/* End PBXShellScriptBuildPhase section */

/* Begin PBXSourcesBuildPhase section */
		A188E5ED1BDD8ADC0014AEB1 /* Sources */ = {
			isa = PBXSourcesBuildPhase;
			buildActionMask = 2147483647;
			files = (
				A188E5F81BDD8ADC0014AEB1 /* FinderSync.m in Sources */,
			);
			runOnlyForDeploymentPostprocessing = 0;
		};
		A1C7706F1B40C42C002077A3 /* Sources */ = {
			isa = PBXSourcesBuildPhase;
			buildActionMask = 2147483647;
			files = (
				A1C770C11B438752002077A3 /* core.cpp in Sources */,
				A12BE5C91BB88E68003115D8 /* CLActionConfirmView.m in Sources */,
				A11C7C1E1BAB8381008E6E91 /* CLFileActionView.m in Sources */,
				A11C7C151BA499F4008E6E91 /* CLPreviewController.m in Sources */,
				A1D048341B99455C001AFDBB /* CLMainController.m in Sources */,
				A1308DA01B4668B700897F28 /* CLTableRowView.m in Sources */,
				A1C770B91B424874002077A3 /* CoreWrapper.mm in Sources */,
				A1308DA51B470BA900897F28 /* CLResizeView.m in Sources */,
				A12BE5D51BBC3EFC003115D8 /* CLSimpleCheckbox.m in Sources */,
				A1C7708A1B40C42C002077A3 /* AppDelegate.m in Sources */,
				A14596861BC1F43D00ABF87F /* CLPanel.m in Sources */,
				A194CBF41BE3EC6100B61784 /* CLUtilities.m in Sources */,
				A15161A31B49CE6900E103B1 /* cltime.cpp in Sources */,
				A12BE5CF1BB8EC02003115D8 /* CLSimpleButton.m in Sources */,
				A12BE5D21BBA27EC003115D8 /* CLSegmentedControl.m in Sources */,
				A1C770831B40C42C002077A3 /* main.m in Sources */,
				A15161A81B4A3EC300E103B1 /* CLSegmentedCell.m in Sources */,
				A12BE5D81BBCA4ED003115D8 /* CLStatusBarView.m in Sources */,
			);
			runOnlyForDeploymentPostprocessing = 0;
		};
		A1C770901B40C42C002077A3 /* Sources */ = {
			isa = PBXSourcesBuildPhase;
			buildActionMask = 2147483647;
			files = (
				A1C770A11B40C42C002077A3 /* ClutterTests.m in Sources */,
			);
			runOnlyForDeploymentPostprocessing = 0;
		};
/* End PBXSourcesBuildPhase section */

/* Begin PBXTargetDependency section */
		A188E5FA1BDD8ADC0014AEB1 /* PBXTargetDependency */ = {
			isa = PBXTargetDependency;
			target = A188E5F01BDD8ADC0014AEB1 /* FinderExtension */;
			targetProxy = A188E5F91BDD8ADC0014AEB1 /* PBXContainerItemProxy */;
		};
		A1C770991B40C42C002077A3 /* PBXTargetDependency */ = {
			isa = PBXTargetDependency;
			target = A1C770721B40C42C002077A3 /* Clutter */;
			targetProxy = A1C770981B40C42C002077A3 /* PBXContainerItemProxy */;
		};
/* End PBXTargetDependency section */

/* Begin PBXVariantGroup section */
		A1C7707F1B40C42C002077A3 /* InfoPlist.strings */ = {
			isa = PBXVariantGroup;
			children = (
				A1C770801B40C42C002077A3 /* en */,
			);
			name = InfoPlist.strings;
			sourceTree = "<group>";
		};
		A1C770851B40C42C002077A3 /* Credits.rtf */ = {
			isa = PBXVariantGroup;
			children = (
				A1C770861B40C42C002077A3 /* en */,
			);
			name = Credits.rtf;
			sourceTree = "<group>";
		};
		A1C7709D1B40C42C002077A3 /* InfoPlist.strings */ = {
			isa = PBXVariantGroup;
			children = (
				A1C7709E1B40C42C002077A3 /* en */,
			);
			name = InfoPlist.strings;
			sourceTree = "<group>";
		};
/* End PBXVariantGroup section */

/* Begin XCBuildConfiguration section */
		A188E5FD1BDD8ADC0014AEB1 /* Debug */ = {
			isa = XCBuildConfiguration;
			buildSettings = {
				CLANG_WARN_UNREACHABLE_CODE = YES;
				CODE_SIGN_ENTITLEMENTS = FinderExtension/FinderExtension.entitlements;
				CODE_SIGN_IDENTITY = "-";
				COMBINE_HIDPI_IMAGES = YES;
				DEBUG_INFORMATION_FORMAT = dwarf;
				ENABLE_STRICT_OBJC_MSGSEND = YES;
				GCC_NO_COMMON_BLOCKS = YES;
				GCC_PREPROCESSOR_DEFINITIONS = (
					"DEBUG=1",
					"$(inherited)",
				);
				INFOPLIST_FILE = FinderExtension/Info.plist;
				LD_RUNPATH_SEARCH_PATHS = "$(inherited) @executable_path/../Frameworks @executable_path/../../../../Frameworks";
				MACOSX_DEPLOYMENT_TARGET = 10.11;
				MTL_ENABLE_DEBUG_INFO = YES;
				PRODUCT_NAME = "$(TARGET_NAME)";
				SKIP_INSTALL = YES;
			};
			name = Debug;
		};
		A188E5FE1BDD8ADC0014AEB1 /* Release */ = {
			isa = XCBuildConfiguration;
			buildSettings = {
				CLANG_WARN_UNREACHABLE_CODE = YES;
				CODE_SIGN_ENTITLEMENTS = FinderExtension/FinderExtension.entitlements;
				CODE_SIGN_IDENTITY = "-";
				COMBINE_HIDPI_IMAGES = YES;
				COPY_PHASE_STRIP = NO;
				ENABLE_STRICT_OBJC_MSGSEND = YES;
				GCC_NO_COMMON_BLOCKS = YES;
				INFOPLIST_FILE = FinderExtension/Info.plist;
				LD_RUNPATH_SEARCH_PATHS = "$(inherited) @executable_path/../Frameworks @executable_path/../../../../Frameworks";
				MACOSX_DEPLOYMENT_TARGET = 10.11;
				MTL_ENABLE_DEBUG_INFO = NO;
				PRODUCT_NAME = "$(TARGET_NAME)";
				SKIP_INSTALL = YES;
			};
			name = Release;
		};
		A1C770A21B40C42C002077A3 /* Debug */ = {
			isa = XCBuildConfiguration;
			buildSettings = {
				ALWAYS_SEARCH_USER_PATHS = NO;
				CLANG_CXX_LANGUAGE_STANDARD = "gnu++0x";
				CLANG_CXX_LIBRARY = "libc++";
				CLANG_ENABLE_MODULES = YES;
				CLANG_ENABLE_OBJC_ARC = YES;
				CLANG_WARN_BOOL_CONVERSION = YES;
				CLANG_WARN_CONSTANT_CONVERSION = YES;
				CLANG_WARN_DIRECT_OBJC_ISA_USAGE = YES_ERROR;
				CLANG_WARN_EMPTY_BODY = YES;
				CLANG_WARN_ENUM_CONVERSION = YES;
				CLANG_WARN_INT_CONVERSION = YES;
				CLANG_WARN_OBJC_ROOT_CLASS = YES_ERROR;
				CLANG_WARN__DUPLICATE_METHOD_MATCH = YES;
				COPY_PHASE_STRIP = NO;
				GCC_C_LANGUAGE_STANDARD = gnu99;
				GCC_DYNAMIC_NO_PIC = NO;
				GCC_ENABLE_OBJC_EXCEPTIONS = YES;
				GCC_OPTIMIZATION_LEVEL = 0;
				GCC_PREPROCESSOR_DEFINITIONS = (
					"DEBUG=1",
					"$(inherited)",
				);
				GCC_SYMBOLS_PRIVATE_EXTERN = NO;
				GCC_WARN_64_TO_32_BIT_CONVERSION = YES;
				GCC_WARN_ABOUT_RETURN_TYPE = YES_ERROR;
				GCC_WARN_UNDECLARED_SELECTOR = YES;
				GCC_WARN_UNINITIALIZED_AUTOS = YES_AGGRESSIVE;
				GCC_WARN_UNUSED_FUNCTION = YES;
				GCC_WARN_UNUSED_VARIABLE = YES;
				MACOSX_DEPLOYMENT_TARGET = 10.10;
				ONLY_ACTIVE_ARCH = YES;
				SDKROOT = macosx;
			};
			name = Debug;
		};
		A1C770A31B40C42C002077A3 /* Release */ = {
			isa = XCBuildConfiguration;
			buildSettings = {
				ALWAYS_SEARCH_USER_PATHS = NO;
				CLANG_CXX_LANGUAGE_STANDARD = "gnu++0x";
				CLANG_CXX_LIBRARY = "libc++";
				CLANG_ENABLE_MODULES = YES;
				CLANG_ENABLE_OBJC_ARC = YES;
				CLANG_WARN_BOOL_CONVERSION = YES;
				CLANG_WARN_CONSTANT_CONVERSION = YES;
				CLANG_WARN_DIRECT_OBJC_ISA_USAGE = YES_ERROR;
				CLANG_WARN_EMPTY_BODY = YES;
				CLANG_WARN_ENUM_CONVERSION = YES;
				CLANG_WARN_INT_CONVERSION = YES;
				CLANG_WARN_OBJC_ROOT_CLASS = YES_ERROR;
				CLANG_WARN__DUPLICATE_METHOD_MATCH = YES;
				COPY_PHASE_STRIP = YES;
				DEBUG_INFORMATION_FORMAT = "dwarf-with-dsym";
				ENABLE_NS_ASSERTIONS = NO;
				GCC_C_LANGUAGE_STANDARD = gnu99;
				GCC_ENABLE_OBJC_EXCEPTIONS = YES;
				GCC_WARN_64_TO_32_BIT_CONVERSION = YES;
				GCC_WARN_ABOUT_RETURN_TYPE = YES_ERROR;
				GCC_WARN_UNDECLARED_SELECTOR = YES;
				GCC_WARN_UNINITIALIZED_AUTOS = YES_AGGRESSIVE;
				GCC_WARN_UNUSED_FUNCTION = YES;
				GCC_WARN_UNUSED_VARIABLE = YES;
				MACOSX_DEPLOYMENT_TARGET = 10.10;
				SDKROOT = macosx;
			};
			name = Release;
		};
		A1C770A51B40C42C002077A3 /* Debug */ = {
			isa = XCBuildConfiguration;
			baseConfigurationReference = BF7B80FEDAE3319C8E3DF784 /* Pods.debug.xcconfig */;
			buildSettings = {
				ASSETCATALOG_COMPILER_APPICON_NAME = AppIcon;
				CODE_SIGN_ENTITLEMENTS = Clutter/Clutter.entitlements;
				CODE_SIGN_IDENTITY = "Andy Locascio";
				COMBINE_HIDPI_IMAGES = YES;
				DEBUG_INFORMATION_FORMAT = dwarf;
				GCC_PRECOMPILE_PREFIX_HEADER = YES;
				GCC_PREFIX_HEADER = "Clutter/Clutter-Prefix.pch";
				HEADER_SEARCH_PATHS = (
					"$(inherited)",
					/usr/local/lib,
					/Applications/Xcode.app/Contents/Developer/Toolchains/XcodeDefault.xctoolchain/usr/include,
					/usr/local/include/,
				);
				INFOPLIST_FILE = "Clutter/Clutter-Info.plist";
				LIBRARY_SEARCH_PATHS = (
					"$(inherited)",
					/usr/local/Cellar/boost/1.57.0/lib,
				);
				OTHER_CFLAGS = "";
				OTHER_CPLUSPLUSFLAGS = (
					"$(OTHER_CFLAGS)",
					"-lboost_serialization",
				);
				PRODUCT_NAME = "$(TARGET_NAME)";
				SCAN_ALL_SOURCE_FILES_FOR_INCLUDES = YES;
				SDKROOT = macosx;
				VALIDATE_PRODUCT = YES;
				WRAPPER_EXTENSION = app;
			};
			name = Debug;
		};
		A1C770A61B40C42C002077A3 /* Release */ = {
			isa = XCBuildConfiguration;
			baseConfigurationReference = D66F98D2DD456857401A2C18 /* Pods.release.xcconfig */;
			buildSettings = {
				ASSETCATALOG_COMPILER_APPICON_NAME = AppIcon;
				CODE_SIGN_ENTITLEMENTS = Clutter/Clutter.entitlements;
				CODE_SIGN_IDENTITY = "Andy Locascio";
				COMBINE_HIDPI_IMAGES = YES;
				DEBUG_INFORMATION_FORMAT = dwarf;
				GCC_OPTIMIZATION_LEVEL = s;
				GCC_PRECOMPILE_PREFIX_HEADER = YES;
				GCC_PREFIX_HEADER = "Clutter/Clutter-Prefix.pch";
				HEADER_SEARCH_PATHS = (
					"$(inherited)",
					/usr/local/lib,
					/Applications/Xcode.app/Contents/Developer/Toolchains/XcodeDefault.xctoolchain/usr/include,
					/usr/local/include/,
				);
				INFOPLIST_FILE = "Clutter/Clutter-Info.plist";
				LIBRARY_SEARCH_PATHS = (
					"$(inherited)",
					/usr/local/Cellar/boost/1.57.0/lib,
				);
				ONLY_ACTIVE_ARCH = YES;
				OTHER_CFLAGS = "";
				OTHER_CPLUSPLUSFLAGS = (
					"$(OTHER_CFLAGS)",
					"-lboost_serialization",
				);
				PRODUCT_NAME = "$(TARGET_NAME)";
				SCAN_ALL_SOURCE_FILES_FOR_INCLUDES = YES;
				SDKROOT = macosx;
				VALIDATE_PRODUCT = YES;
				WRAPPER_EXTENSION = app;
			};
			name = Release;
		};
		A1C770A81B40C42C002077A3 /* Debug */ = {
			isa = XCBuildConfiguration;
			buildSettings = {
				BUNDLE_LOADER = "$(BUILT_PRODUCTS_DIR)/Clutter.app/Contents/MacOS/Clutter";
				COMBINE_HIDPI_IMAGES = YES;
				FRAMEWORK_SEARCH_PATHS = (
					"$(DEVELOPER_FRAMEWORKS_DIR)",
					"$(inherited)",
				);
				GCC_PRECOMPILE_PREFIX_HEADER = YES;
				GCC_PREFIX_HEADER = "Clutter/Clutter-Prefix.pch";
				GCC_PREPROCESSOR_DEFINITIONS = (
					"DEBUG=1",
					"$(inherited)",
				);
				INFOPLIST_FILE = "ClutterTests/ClutterTests-Info.plist";
				PRODUCT_NAME = "$(TARGET_NAME)";
				TEST_HOST = "$(BUNDLE_LOADER)";
				WRAPPER_EXTENSION = xctest;
			};
			name = Debug;
		};
		A1C770A91B40C42C002077A3 /* Release */ = {
			isa = XCBuildConfiguration;
			buildSettings = {
				BUNDLE_LOADER = "$(BUILT_PRODUCTS_DIR)/Clutter.app/Contents/MacOS/Clutter";
				COMBINE_HIDPI_IMAGES = YES;
				FRAMEWORK_SEARCH_PATHS = (
					"$(DEVELOPER_FRAMEWORKS_DIR)",
					"$(inherited)",
				);
				GCC_PRECOMPILE_PREFIX_HEADER = YES;
				GCC_PREFIX_HEADER = "Clutter/Clutter-Prefix.pch";
				INFOPLIST_FILE = "ClutterTests/ClutterTests-Info.plist";
				PRODUCT_NAME = "$(TARGET_NAME)";
				TEST_HOST = "$(BUNDLE_LOADER)";
				WRAPPER_EXTENSION = xctest;
			};
			name = Release;
		};
/* End XCBuildConfiguration section */

/* Begin XCConfigurationList section */
		A188E5FC1BDD8ADC0014AEB1 /* Build configuration list for PBXNativeTarget "FinderExtension" */ = {
			isa = XCConfigurationList;
			buildConfigurations = (
				A188E5FD1BDD8ADC0014AEB1 /* Debug */,
				A188E5FE1BDD8ADC0014AEB1 /* Release */,
			);
			defaultConfigurationIsVisible = 0;
			defaultConfigurationName = Release;
		};
		A1C7706E1B40C42C002077A3 /* Build configuration list for PBXProject "Clutter" */ = {
			isa = XCConfigurationList;
			buildConfigurations = (
				A1C770A21B40C42C002077A3 /* Debug */,
				A1C770A31B40C42C002077A3 /* Release */,
			);
			defaultConfigurationIsVisible = 0;
			defaultConfigurationName = Release;
		};
		A1C770A41B40C42C002077A3 /* Build configuration list for PBXNativeTarget "Clutter" */ = {
			isa = XCConfigurationList;
			buildConfigurations = (
				A1C770A51B40C42C002077A3 /* Debug */,
				A1C770A61B40C42C002077A3 /* Release */,
			);
			defaultConfigurationIsVisible = 0;
			defaultConfigurationName = Release;
		};
		A1C770A71B40C42C002077A3 /* Build configuration list for PBXNativeTarget "ClutterTests" */ = {
			isa = XCConfigurationList;
			buildConfigurations = (
				A1C770A81B40C42C002077A3 /* Debug */,
				A1C770A91B40C42C002077A3 /* Release */,
			);
			defaultConfigurationIsVisible = 0;
			defaultConfigurationName = Release;
		};
/* End XCConfigurationList section */
	};
	rootObject = A1C7706B1B40C42C002077A3 /* Project object */;
}
